{
  "requires": true,
  "lockfileVersion": 1,
  "dependencies": {
    "angular": {
      "version": "1.6.6",
      "resolved": "http://registry.npm.taobao.org/angular/download/angular-1.6.6.tgz",
      "integrity": "sha1-/Vo8+0N844LYVO4BEgeXl4Uny2Q="
    },
    "base64-js": {
      "version": "1.2.1",
      "resolved": "http://registry.npm.taobao.org/base64-js/download/base64-js-1.2.1.tgz",
      "integrity": "sha1-qRlH2h9KUW6jjltOwOw3c2deCIY="
    },
    "bitcore-lib": {
      "version": "0.14.0",
      "resolved": "http://registry.npm.taobao.org/bitcore-lib/download/bitcore-lib-0.14.0.tgz",
      "integrity": "sha1-IcsjWf57mXo7e3c+t9cnWuN9ZE4=",
      "requires": {
        "bn.js": "2.0.4",
        "bs58": "2.0.0",
        "buffer-compare": "1.0.0",
        "elliptic": "3.0.3",
        "inherits": "2.0.1",
        "lodash": "3.10.1"
      },
      "dependencies": {
        "bn.js": {
          "version": "2.0.4",
          "resolved": "http://registry.npm.taobao.org/bn.js/download/bn.js-2.0.4.tgz",
          "integrity": "sha1-Igp81nf38b+pNif/QZN3b+eBlIA="
        },
        "bs58": {
          "version": "2.0.0",
          "resolved": "http://registry.npm.taobao.org/bs58/download/bs58-2.0.0.tgz",
          "integrity": "sha1-crcTvtIjoKxRi72g484/SBfznrU="
        },
        "buffer-compare": {
          "version": "1.0.0",
          "resolved": "http://registry.npm.taobao.org/buffer-compare/download/buffer-compare-1.0.0.tgz",
          "integrity": "sha1-rKp6lm6Y7un64Usxw5pfFY+zxKI="
        },
        "elliptic": {
          "version": "3.0.3",
          "resolved": "http://registry.npm.taobao.org/elliptic/download/elliptic-3.0.3.tgz",
          "integrity": "sha1-hlybQgv75VAGuflp+XoNLESWZZU=",
          "requires": {
            "bn.js": "2.0.4",
            "brorand": "1.0.5",
            "hash.js": "1.0.3",
            "inherits": "2.0.1"
          },
          "dependencies": {
            "brorand": {
              "version": "1.0.5",
              "resolved": "http://registry.npm.taobao.org/brorand/download/brorand-1.0.5.tgz",
              "integrity": "sha1-B7VMowKGq9Fxig4qgwgD79yb+gQ="
            },
            "hash.js": {
              "version": "1.0.3",
              "resolved": "http://registry.npm.taobao.org/hash.js/download/hash.js-1.0.3.tgz",
              "integrity": "sha1-EzL/ABVsCg/92CNgE9B7d6BFFXM=",
              "requires": {
                "inherits": "2.0.1"
              }
            }
          }
        },
        "inherits": {
          "version": "2.0.1",
          "resolved": "http://registry.npm.taobao.org/inherits/download/inherits-2.0.1.tgz",
          "integrity": "sha1-sX0I0ya0Qj5Wjv9xn5GwscvfafE="
        },
        "lodash": {
          "version": "3.10.1",
          "resolved": "http://registry.npm.taobao.org/lodash/download/lodash-3.10.1.tgz",
          "integrity": "sha1-W/Rejkm6QYnhfUgnid/RW9FAt7Y="
        }
      }
    },
    "bitcore-mnemonic": {
      "version": "1.2.5",
      "resolved": "http://registry.npm.taobao.org/bitcore-mnemonic/download/bitcore-mnemonic-1.2.5.tgz",
      "integrity": "sha1-Rfq6ABY8VXoFQgL/6aIPuiNgaF8=",
      "requires": {
        "bitcore-lib": "0.14.0",
        "unorm": "1.4.1"
      }
    },
    "buffer": {
      "version": "5.0.7",
      "resolved": "http://registry.npm.taobao.org/buffer/download/buffer-5.0.7.tgz",
      "integrity": "sha1-VwopC2Jc8mAykMEUkiPSfM8E25c=",
      "requires": {
        "base64-js": "1.2.1",
        "ieee754": "1.1.8"
      }
    },
    "buffer-browserify": {
      "version": "0.2.5",
      "resolved": "http://registry.npm.taobao.org/buffer-browserify/download/buffer-browserify-0.2.5.tgz",
      "integrity": "sha1-Kcc51qTiR7U5q8CtoHNhIAIWOiE=",
      "requires": {
        "base64-js": "0.0.8"
      },
      "dependencies": {
        "base64-js": {
          "version": "0.0.8",
          "resolved": "http://registry.npm.taobao.org/base64-js/download/base64-js-0.0.8.tgz",
          "integrity": "sha1-EQHpVE9KdrG8OybUUsqW16NeeXg="
        }
      }
    },
    "ieee754": {
      "version": "1.1.8",
      "resolved": "http://registry.npm.taobao.org/ieee754/download/ieee754-1.1.8.tgz",
      "integrity": "sha1-vjPUCsEO8ZJnAfbwii2G+/0a0+Q="
    },
    "is-array": {
      "version": "1.0.1",
      "resolved": "http://registry.npm.taobao.org/is-array/download/is-array-1.0.1.tgz",
      "integrity": "sha1-6YUMwsyGDDvAl36EzPDdRkWEJ5o="
    },
    "native-buffer-browserify": {
      "version": "3.2.2",
      "resolved": "http://registry.npm.taobao.org/native-buffer-browserify/download/native-buffer-browserify-3.2.2.tgz",
      "integrity": "sha1-AZTTQ188dtvRaFaN2BesO+OBMxU=",
      "requires": {
        "base64-js": "0.0.8",
        "ieee754": "1.1.8",
        "is-array": "1.0.1"
      },
      "dependencies": {
        "base64-js": {
          "version": "0.0.8",
          "resolved": "http://registry.npm.taobao.org/base64-js/download/base64-js-0.0.8.tgz",
          "integrity": "sha1-EQHpVE9KdrG8OybUUsqW16NeeXg="
        }
      }
    },
    "undefined": {
      "version": "0.1.0",
      "resolved": "http://registry.npm.taobao.org/undefined/download/undefined-0.1.0.tgz",
      "integrity": "sha1-m3BqSzKtMMIMpP5l3cu72sMr3tA="
    },
    "unorm": {
      "version": "1.4.1",
      "resolved": "http://registry.npm.taobao.org/unorm/download/unorm-1.4.1.tgz",
      "integrity": "sha1-NkIA1fE2RsqLzURJAnEzVhR5IwA="
    }
  }
}
