{
  "requires": true,
  "lockfileVersion": 1,
  "dependencies": {
    "angular-gettext-tools": {
      "version": "2.3.6",
      "resolved": "http://registry.npm.taobao.org/angular-gettext-tools/download/angular-gettext-tools-2.3.6.tgz",
      "integrity": "sha1-vs6xYDFbr3LZa/cj8hzxwoQaUiU=",
      "requires": {
        "babylon": "6.18.0",
        "binary-search": "1.3.2",
        "cheerio": "0.19.0",
        "lodash": "4.17.4",
        "pofile": "1.0.9",
        "typescript": "2.3.4",
        "typescript-eslint-parser": "3.0.0"
      }
    },
    "babylon": {
      "version": "6.18.0",
      "resolved": "http://registry.npm.taobao.org/babylon/download/babylon-6.18.0.tgz",
      "integrity": "sha1-ry87iPpvXB5MY00aD46sT1WzleM="
    },
    "binary-search": {
      "version": "1.3.2",
      "resolved": "http://registry.npm.taobao.org/binary-search/download/binary-search-1.3.2.tgz",
      "integrity": "sha1-iMm3vStyIdNS2njsiH9a8lSeTeI="
    },
    "boolbase": {
      "version": "1.0.0",
      "resolved": "http://registry.npm.taobao.org/boolbase/download/boolbase-1.0.0.tgz",
      "integrity": "sha1-aN/1++YMUes3cl6p4+0xDcwed24="
    },
    "cheerio": {
      "version": "0.19.0",
      "resolved": "http://registry.npm.taobao.org/cheerio/download/cheerio-0.19.0.tgz",
      "integrity": "sha1-dy5wFfLuKZZQltcepBdbdas1SSU=",
      "requires": {
        "css-select": "1.0.0",
        "dom-serializer": "0.1.0",
        "entities": "1.1.1",
        "htmlparser2": "3.8.3",
        "lodash": "3.10.1"
      },
      "dependencies": {
        "lodash": {
          "version": "3.10.1",
          "resolved": "http://registry.npm.taobao.org/lodash/download/lodash-3.10.1.tgz",
          "integrity": "sha1-W/Rejkm6QYnhfUgnid/RW9FAt7Y="
        }
      }
    },
    "core-util-is": {
      "version": "1.0.2",
      "resolved": "http://registry.npm.taobao.org/core-util-is/download/core-util-is-1.0.2.tgz",
      "integrity": "sha1-tf1UIgqivFq1eqtxQMlAdUUDwac="
    },
    "css-select": {
      "version": "1.0.0",
      "resolved": "http://registry.npm.taobao.org/css-select/download/css-select-1.0.0.tgz",
      "integrity": "sha1-sRIcpRhI3SZOIkTQWM7iVN7rRLA=",
      "requires": {
        "boolbase": "1.0.0",
        "css-what": "1.0.0",
        "domutils": "1.4.3",
        "nth-check": "1.0.1"
      }
    },
    "css-what": {
      "version": "1.0.0",
      "resolved": "http://registry.npm.taobao.org/css-what/download/css-what-1.0.0.tgz",
      "integrity": "sha1-18wt9FGAZm+Z0rFEYmOUaeAPc2w="
    },
    "dom-serializer": {
      "version": "0.1.0",
      "resolved": "http://registry.npm.taobao.org/dom-serializer/download/dom-serializer-0.1.0.tgz",
      "integrity": "sha1-BzxpdUbOB4DOI75KKOKT5AvDDII=",
      "requires": {
        "domelementtype": "1.1.3",
        "entities": "1.1.1"
      },
      "dependencies": {
        "domelementtype": {
          "version": "1.1.3",
          "resolved": "http://registry.npm.taobao.org/domelementtype/download/domelementtype-1.1.3.tgz",
          "integrity": "sha1-vSh3PiZCiBrsUVRJJCmcXNgiGFs="
        }
      }
    },
    "domelementtype": {
      "version": "1.3.0",
      "resolved": "http://registry.npm.taobao.org/domelementtype/download/domelementtype-1.3.0.tgz",
      "integrity": "sha1-sXrtguirWeUt2cGbF1bg/BhyBMI="
    },
    "domhandler": {
      "version": "2.3.0",
      "resolved": "http://registry.npm.taobao.org/domhandler/download/domhandler-2.3.0.tgz",
      "integrity": "sha1-LeWaCCLVAn+r/28DLCsloqir5zg=",
      "requires": {
        "domelementtype": "1.3.0"
      }
    },
    "domutils": {
      "version": "1.4.3",
      "resolved": "http://registry.npm.taobao.org/domutils/download/domutils-1.4.3.tgz",
      "integrity": "sha1-CGVRN5bGswYDGFDhdVFrr4C3Km8=",
      "requires": {
        "domelementtype": "1.3.0"
      }
    },
    "entities": {
      "version": "1.1.1",
      "resolved": "http://registry.npm.taobao.org/entities/download/entities-1.1.1.tgz",
      "integrity": "sha1-blwtClYhtdra7O+AuQ7ftc13cvA="
    },
    "grunt-angular-gettext": {
      "version": "2.3.6",
      "resolved": "http://registry.npm.taobao.org/grunt-angular-gettext/download/grunt-angular-gettext-2.3.6.tgz",
      "integrity": "sha1-0myknh796uy4AsVOpAjotQadOag=",
      "requires": {
        "angular-gettext-tools": "2.3.6"
      }
    },
    "htmlparser2": {
      "version": "3.8.3",
      "resolved": "http://registry.npm.taobao.org/htmlparser2/download/htmlparser2-3.8.3.tgz",
      "integrity": "sha1-mWwosZFRaovoZQGn15dX5ccMEGg=",
      "requires": {
        "domelementtype": "1.3.0",
        "domhandler": "2.3.0",
        "domutils": "1.5.1",
        "entities": "1.0.0",
        "readable-stream": "1.1.14"
      },
      "dependencies": {
        "domutils": {
          "version": "1.5.1",
          "resolved": "http://registry.npm.taobao.org/domutils/download/domutils-1.5.1.tgz",
          "integrity": "sha1-3NhIiib1Y9YQeeSMn3t+Mjc2gs8=",
          "requires": {
            "dom-serializer": "0.1.0",
            "domelementtype": "1.3.0"
          }
        },
        "entities": {
          "version": "1.0.0",
          "resolved": "http://registry.npm.taobao.org/entities/download/entities-1.0.0.tgz",
          "integrity": "sha1-sph6o4ITR/zeZCsk/fyeT7cSvyY="
        }
      }
    },
    "inherits": {
      "version": "2.0.3",
      "resolved": "http://registry.npm.taobao.org/inherits/download/inherits-2.0.3.tgz",
      "integrity": "sha1-Yzwsg+PaQqUC9SRmAiSA9CCCYd4="
    },
    "isarray": {
      "version": "0.0.1",
      "resolved": "http://registry.npm.taobao.org/isarray/download/isarray-0.0.1.tgz",
      "integrity": "sha1-ihis/Kmo9Bd+Cav8YDiTmwXR7t8="
    },
    "lodash": {
      "version": "4.17.4",
      "resolved": "http://registry.npm.taobao.org/lodash/download/lodash-4.17.4.tgz",
      "integrity": "sha1-eCA6TRwyiuHYbcpkYONptX9AVa4="
    },
    "lodash.unescape": {
      "version": "4.0.1",
      "resolved": "http://registry.npm.taobao.org/lodash.unescape/download/lodash.unescape-4.0.1.tgz",
      "integrity": "sha1-vyJJiGzlFM2hEvrpIYzcBlIR/Jw="
    },
    "nth-check": {
      "version": "1.0.1",
      "resolved": "http://registry.npm.taobao.org/nth-check/download/nth-check-1.0.1.tgz",
      "integrity": "sha1-mSms32KPwsQQmN6rgqxYDPFJquQ=",
      "requires": {
        "boolbase": "1.0.0"
      }
    },
    "pofile": {
      "version": "1.0.9",
      "resolved": "http://registry.npm.taobao.org/pofile/download/pofile-1.0.9.tgz",
      "integrity": "sha1-wvBgwMIoupPkKeavm5IxKMqCpA4="
    },
    "readable-stream": {
      "version": "1.1.14",
      "resolved": "http://registry.npm.taobao.org/readable-stream/download/readable-stream-1.1.14.tgz",
      "integrity": "sha1-fPTFTvZI44EwhMY23SB54WbAgdk=",
      "requires": {
        "core-util-is": "1.0.2",
        "inherits": "2.0.3",
        "isarray": "0.0.1",
        "string_decoder": "0.10.31"
      }
    },
    "semver": {
      "version": "5.3.0",
      "resolved": "http://registry.npm.taobao.org/semver/download/semver-5.3.0.tgz",
      "integrity": "sha1-myzl094C0XxgEq0yaqa00M9U+U8="
    },
    "string_decoder": {
      "version": "0.10.31",
      "resolved": "http://registry.npm.taobao.org/string_decoder/download/string_decoder-0.10.31.tgz",
      "integrity": "sha1-YuIDvEF2bGwoyfyEMB2rHFMQ+pQ="
    },
    "typescript": {
      "version": "2.3.4",
      "resolved": "http://registry.npm.taobao.org/typescript/download/typescript-2.3.4.tgz",
      "integrity": "sha1-PTgyGCgjHkNPKHUUlZw3qCtin0I="
    },
    "typescript-eslint-parser": {
      "version": "3.0.0",
      "resolved": "http://registry.npm.taobao.org/typescript-eslint-parser/download/typescript-eslint-parser-3.0.0.tgz",
      "integrity": "sha1-3QQ1swOryEFGTALQAYTXs5vUiLU=",
      "requires": {
        "lodash.unescape": "4.0.1",
        "semver": "5.3.0"
      }
    }
  }
}
